// !$*UTF8*$!
{
	archiveVersion = 1;
	classes = {
	};
	objectVersion = 56;
	objects = {

/* Begin PBXBuildFile section */
		BEC1575C2B781C2000D64FA4 /* AppDelegate.swift in Sources */ = {isa = PBXBuildFile; fileRef = BEC1575B2B781C2000D64FA4 /* AppDelegate.swift */; };
		BEC1575E2B781C2000D64FA4 /* SceneDelegate.swift in Sources */ = {isa = PBXBuildFile; fileRef = BEC1575D2B781C2000D64FA4 /* SceneDelegate.swift */; };
		BEC157602B781C2000D64FA4 /* ViewController.swift in Sources */ = {isa = PBXBuildFile; fileRef = BEC1575F2B781C2000D64FA4 /* ViewController.swift */; };
		BEC157632B781C2000D64FA4 /* Main.storyboard in Resources */ = {isa = PBXBuildFile; fileRef = BEC157612B781C2000D64FA4 /* Main.storyboard */; };
		BEC157652B781C2200D64FA4 /* Assets.xcassets in Resources */ = {isa = PBXBuildFile; fileRef = BEC157642B781C2200D64FA4 /* Assets.xcassets */; };
		BEC157682B781C2200D64FA4 /* LaunchScreen.storyboard in Resources */ = {isa = PBXBuildFile; fileRef = BEC157662B781C2200D64FA4 /* LaunchScreen.storyboard */; };
		BEC157732B781C2200D64FA4 /* KidZTests.swift in Sources */ = {isa = PBXBuildFile; fileRef = BEC157722B781C2200D64FA4 /* KidZTests.swift */; };
		BEC1577D2B781C2200D64FA4 /* KidZUITests.swift in Sources */ = {isa = PBXBuildFile; fileRef = BEC1577C2B781C2200D64FA4 /* KidZUITests.swift */; };
		BEC1577F2B781C2200D64FA4 /* KidZUITestsLaunchTests.swift in Sources */ = {isa = PBXBuildFile; fileRef = BEC1577E2B781C2200D64FA4 /* KidZUITestsLaunchTests.swift */; };
/* End PBXBuildFile section */

/* Begin PBXContainerItemProxy section */
		BEC1576F2B781C2200D64FA4 /* PBXContainerItemProxy */ = {
			isa = PBXContainerItemProxy;
			containerPortal = BEC157502B781C2000D64FA4 /* Project object */;
			proxyType = 1;
			remoteGlobalIDString = BEC157572B781C2000D64FA4;
			remoteInfo = KidZ;
		};
		BEC157792B781C2200D64FA4 /* PBXContainerItemProxy */ = {
			isa = PBXContainerItemProxy;
			containerPortal = BEC157502B781C2000D64FA4 /* Project object */;
			proxyType = 1;
			remoteGlobalIDString = BEC157572B781C2000D64FA4;
			remoteInfo = KidZ;
		};
/* End PBXContainerItemProxy section */

/* Begin PBXFileReference section */
		BEC157582B781C2000D64FA4 /* KidZ.app */ = {isa = PBXFileReference; explicitFileType = wrapper.application; includeInIndex = 0; path = KidZ.app; sourceTree = BUILT_PRODUCTS_DIR; };
		BEC1575B2B781C2000D64FA4 /* AppDelegate.swift */ = {isa = PBXFileReference; lastKnownFileType = sourcecode.swift; path = AppDelegate.swift; sourceTree = "<group>"; };
		BEC1575D2B781C2000D64FA4 /* SceneDelegate.swift */ = {isa = PBXFileReference; lastKnownFileType = sourcecode.swift; path = SceneDelegate.swift; sourceTree = "<group>"; };
		BEC1575F2B781C2000D64FA4 /* ViewController.swift */ = {isa = PBXFileReference; lastKnownFileType = sourcecode.swift; path = ViewController.swift; sourceTree = "<group>"; };
		BEC157622B781C2000D64FA4 /* Base */ = {isa = PBXFileReference; lastKnownFileType = file.storyboard; name = Base; path = Base.lproj/Main.storyboard; sourceTree = "<group>"; };
		BEC157642B781C2200D64FA4 /* Assets.xcassets */ = {isa = PBXFileReference; lastKnownFileType = folder.assetcatalog; path = Assets.xcassets; sourceTree = "<group>"; };
		BEC157672B781C2200D64FA4 /* Base */ = {isa = PBXFileReference; lastKnownFileType = file.storyboard; name = Base; path = Base.lproj/LaunchScreen.storyboard; sourceTree = "<group>"; };
		BEC157692B781C2200D64FA4 /* Info.plist */ = {isa = PBXFileReference; lastKnownFileType = text.plist.xml; path = Info.plist; sourceTree = "<group>"; };
		BEC1576E2B781C2200D64FA4 /* KidZTests.xctest */ = {isa = PBXFileReference; explicitFileType = wrapper.cfbundle; includeInIndex = 0; path = KidZTests.xctest; sourceTree = BUILT_PRODUCTS_DIR; };
		BEC157722B781C2200D64FA4 /* KidZTests.swift */ = {isa = PBXFileReference; lastKnownFileType = sourcecode.swift; path = KidZTests.swift; sourceTree = "<group>"; };
		BEC157782B781C2200D64FA4 /* KidZUITests.xctest */ = {isa = PBXFileReference; explicitFileType = wrapper.cfbundle; includeInIndex = 0; path = KidZUITests.xctest; sourceTree = BUILT_PRODUCTS_DIR; };
		BEC1577C2B781C2200D64FA4 /* KidZUITests.swift */ = {isa = PBXFileReference; lastKnownFileType = sourcecode.swift; path = KidZUITests.swift; sourceTree = "<group>"; };
		BEC1577E2B781C2200D64FA4 /* KidZUITestsLaunchTests.swift */ = {isa = PBXFileReference; lastKnownFileType = sourcecode.swift; path = KidZUITestsLaunchTests.swift; sourceTree = "<group>"; };
/* End PBXFileReference section */

/* Begin PBXFrameworksBuildPhase section */
		BEC157552B781C2000D64FA4 /* Frameworks */ = {
			isa = PBXFrameworksBuildPhase;
			buildActionMask = 2147483647;
			files = (
			);
			runOnlyForDeploymentPostprocessing = 0;
		};
		BEC1576B2B781C2200D64FA4 /* Frameworks */ = {
			isa = PBXFrameworksBuildPhase;
			buildActionMask = 2147483647;
			files = (
			);
			runOnlyForDeploymentPostprocessing = 0;
		};
		BEC157752B781C2200D64FA4 /* Frameworks */ = {
			isa = PBXFrameworksBuildPhase;
			buildActionMask = 2147483647;
			files = (
			);
			runOnlyForDeploymentPostprocessing = 0;
		};
/* End PBXFrameworksBuildPhase section */

/* Begin PBXGroup section */
		BEC1574F2B781C2000D64FA4 = {
			isa = PBXGroup;
			children = (
				BEC1575A2B781C2000D64FA4 /* KidZ */,
				BEC157712B781C2200D64FA4 /* KidZTests */,
				BEC1577B2B781C2200D64FA4 /* KidZUITests */,
				BEC157592B781C2000D64FA4 /* Products */,
			);
			sourceTree = "<group>";
		};
		BEC157592B781C2000D64FA4 /* Products */ = {
			isa = PBXGroup;
			children = (
				BEC157582B781C2000D64FA4 /* KidZ.app */,
				BEC1576E2B781C2200D64FA4 /* KidZTests.xctest */,
				BEC157782B781C2200D64FA4 /* KidZUITests.xctest */,
			);
			name = Products;
			sourceTree = "<group>";
		};
		BEC1575A2B781C2000D64FA4 /* KidZ */ = {
			isa = PBXGroup;
			children = (
				BEC1575B2B781C2000D64FA4 /* AppDelegate.swift */,
				BEC1575D2B781C2000D64FA4 /* SceneDelegate.swift */,
				BEC1575F2B781C2000D64FA4 /* ViewController.swift */,
				BEC157612B781C2000D64FA4 /* Main.storyboard */,
				BEC157642B781C2200D64FA4 /* Assets.xcassets */,
				BEC157662B781C2200D64FA4 /* LaunchScreen.storyboard */,
				BEC157692B781C2200D64FA4 /* Info.plist */,
			);
			path = KidZ;
			sourceTree = "<group>";
		};
		BEC157712B781C2200D64FA4 /* KidZTests */ = {
			isa = PBXGroup;
			children = (
				BEC157722B781C2200D64FA4 /* KidZTests.swift */,
			);
			path = KidZTests;
			sourceTree = "<group>";
		};
		BEC1577B2B781C2200D64FA4 /* KidZUITests */ = {
			isa = PBXGroup;
			children = (
				BEC1577C2B781C2200D64FA4 /* KidZUITests.swift */,
				BEC1577E2B781C2200D64FA4 /* KidZUITestsLaunchTests.swift */,
			);
			path = KidZUITests;
			sourceTree = "<group>";
		};
/* End PBXGroup section */

/* Begin PBXNativeTarget section */
		BEC157572B781C2000D64FA4 /* KidZ */ = {
			isa = PBXNativeTarget;
			buildConfigurationList = BEC157822B781C2200D64FA4 /* Build configuration list for PBXNativeTarget "KidZ" */;
			buildPhases = (
				BEC157542B781C2000D64FA4 /* Sources */,
				BEC157552B781C2000D64FA4 /* Frameworks */,
				BEC157562B781C2000D64FA4 /* Resources */,
			);
			buildRules = (
			);
			dependencies = (
			);
			name = KidZ;
			productName = KidZ;
			productReference = BEC157582B781C2000D64FA4 /* KidZ.app */;
			productType = "com.apple.product-type.application";
		};
		BEC1576D2B781C2200D64FA4 /* KidZTests */ = {
			isa = PBXNativeTarget;
			buildConfigurationList = BEC157852B781C2200D64FA4 /* Build configuration list for PBXNativeTarget "KidZTests" */;
			buildPhases = (
				BEC1576A2B781C2200D64FA4 /* Sources */,
				BEC1576B2B781C2200D64FA4 /* Frameworks */,
				BEC1576C2B781C2200D64FA4 /* Resources */,
			);
			buildRules = (
			);
			dependencies = (
				BEC157702B781C2200D64FA4 /* PBXTargetDependency */,
			);
			name = KidZTests;
			productName = KidZTests;
			productReference = BEC1576E2B781C2200D64FA4 /* KidZTests.xctest */;
			productType = "com.apple.product-type.bundle.unit-test";
		};
		BEC157772B781C2200D64FA4 /* KidZUITests */ = {
			isa = PBXNativeTarget;
			buildConfigurationList = BEC157882B781C2200D64FA4 /* Build configuration list for PBXNativeTarget "KidZUITests" */;
			buildPhases = (
				BEC157742B781C2200D64FA4 /* Sources */,
				BEC157752B781C2200D64FA4 /* Frameworks */,
				BEC157762B781C2200D64FA4 /* Resources */,
			);
			buildRules = (
			);
			dependencies = (
				BEC1577A2B781C2200D64FA4 /* PBXTargetDependency */,
			);
			name = KidZUITests;
			productName = KidZUITests;
			productReference = BEC157782B781C2200D64FA4 /* KidZUITests.xctest */;
			productType = "com.apple.product-type.bundle.ui-testing";
		};
/* End PBXNativeTarget section */

/* Begin PBXProject section */
		BEC157502B781C2000D64FA4 /* Project object */ = {
			isa = PBXProject;
			attributes = {
				BuildIndependentTargetsInParallel = 1;
				LastSwiftUpdateCheck = 1420;
				LastUpgradeCheck = 1420;
				TargetAttributes = {
					BEC157572B781C2000D64FA4 = {
						CreatedOnToolsVersion = 14.2;
					};
					BEC1576D2B781C2200D64FA4 = {
						CreatedOnToolsVersion = 14.2;
						TestTargetID = BEC157572B781C2000D64FA4;
					};
					BEC157772B781C2200D64FA4 = {
						CreatedOnToolsVersion = 14.2;
						TestTargetID = BEC157572B781C2000D64FA4;
					};
				};
			};
			buildConfigurationList = BEC157532B781C2000D64FA4 /* Build configuration list for PBXProject "KidZ" */;
			compatibilityVersion = "Xcode 14.0";
			developmentRegion = en;
			hasScannedForEncodings = 0;
			knownRegions = (
				en,
				Base,
			);
			mainGroup = BEC1574F2B781C2000D64FA4;
			productRefGroup = BEC157592B781C2000D64FA4 /* Products */;
			projectDirPath = "";
			projectRoot = "";
			targets = (
				BEC157572B781C2000D64FA4 /* KidZ */,
				BEC1576D2B781C2200D64FA4 /* KidZTests */,
				BEC157772B781C2200D64FA4 /* KidZUITests */,
			);
		};
/* End PBXProject section */

/* Begin PBXResourcesBuildPhase section */
		BEC157562B781C2000D64FA4 /* Resources */ = {
			isa = PBXResourcesBuildPhase;
			buildActionMask = 2147483647;
			files = (
				BEC157682B781C2200D64FA4 /* LaunchScreen.storyboard in Resources */,
				BEC157652B781C2200D64FA4 /* Assets.xcassets in Resources */,
				BEC157632B781C2000D64FA4 /* Main.storyboard in Resources */,
			);
			runOnlyForDeploymentPostprocessing = 0;
		};
		BEC1576C2B781C2200D64FA4 /* Resources */ = {
			isa = PBXResourcesBuildPhase;
			buildActionMask = 2147483647;
			files = (
			);
			runOnlyForDeploymentPostprocessing = 0;
		};
		BEC157762B781C2200D64FA4 /* Resources */ = {
			isa = PBXResourcesBuildPhase;
			buildActionMask = 2147483647;
			files = (
			);
			runOnlyForDeploymentPostprocessing = 0;
		};
/* End PBXResourcesBuildPhase section */

/* Begin PBXSourcesBuildPhase section */
		BEC157542B781C2000D64FA4 /* Sources */ = {
			isa = PBXSourcesBuildPhase;
			buildActionMask = 2147483647;
			files = (
				BEC157602B781C2000D64FA4 /* ViewController.swift in Sources */,
				BEC1575C2B781C2000D64FA4 /* AppDelegate.swift in Sources */,
				BEC1575E2B781C2000D64FA4 /* SceneDelegate.swift in Sources */,
			);
			runOnlyForDeploymentPostprocessing = 0;
		};
		BEC1576A2B781C2200D64FA4 /* Sources */ = {
			isa = PBXSourcesBuildPhase;
			buildActionMask = 2147483647;
			files = (
				BEC157732B781C2200D64FA4 /* KidZTests.swift in Sources */,
			);
			runOnlyForDeploymentPostprocessing = 0;
		};
		BEC157742B781C2200D64FA4 /* Sources */ = {
			isa = PBXSourcesBuildPhase;
			buildActionMask = 2147483647;
			files = (
				BEC1577F2B781C2200D64FA4 /* KidZUITestsLaunchTests.swift in Sources */,
				BEC1577D2B781C2200D64FA4 /* KidZUITests.swift in Sources */,
			);
			runOnlyForDeploymentPostprocessing = 0;
		};
/* End PBXSourcesBuildPhase section */

/* Begin PBXTargetDependency section */
		BEC157702B781C2200D64FA4 /* PBXTargetDependency */ = {
			isa = PBXTargetDependency;
			target = BEC157572B781C2000D64FA4 /* KidZ */;
			targetProxy = BEC1576F2B781C2200D64FA4 /* PBXContainerItemProxy */;
		};
		BEC1577A2B781C2200D64FA4 /* PBXTargetDependency */ = {
			isa = PBXTargetDependency;
			target = BEC157572B781C2000D64FA4 /* KidZ */;
			targetProxy = BEC157792B781C2200D64FA4 /* PBXContainerItemProxy */;
		};
/* End PBXTargetDependency section */

/* Begin PBXVariantGroup section */
		BEC157612B781C2000D64FA4 /* Main.storyboard */ = {
			isa = PBXVariantGroup;
			children = (
				BEC157622B781C2000D64FA4 /* Base */,
			);
			name = Main.storyboard;
			sourceTree = "<group>";
		};
		BEC157662B781C2200D64FA4 /* LaunchScreen.storyboard */ = {
			isa = PBXVariantGroup;
			children = (
				BEC157672B781C2200D64FA4 /* Base */,
			);
			name = LaunchScreen.storyboard;
			sourceTree = "<group>";
		};
/* End PBXVariantGroup section */

/* Begin XCBuildConfiguration section */
		BEC157802B781C2200D64FA4 /* Debug */ = {
			isa = XCBuildConfiguration;
			buildSettings = {
				ALWAYS_SEARCH_USER_PATHS = NO;
				CLANG_ANALYZER_NONNULL = YES;
				CLANG_ANALYZER_NUMBER_OBJECT_CONVERSION = YES_AGGRESSIVE;
				CLANG_CXX_LANGUAGE_STANDARD = "gnu++20";
				CLANG_ENABLE_MODULES = YES;
				CLANG_ENABLE_OBJC_ARC = YES;
				CLANG_ENABLE_OBJC_WEAK = YES;
				CLANG_WARN_BLOCK_CAPTURE_AUTORELEASING = YES;
				CLANG_WARN_BOOL_CONVERSION = YES;
				CLANG_WARN_COMMA = YES;
				CLANG_WARN_CONSTANT_CONVERSION = YES;
				CLANG_WARN_DEPRECATED_OBJC_IMPLEMENTATIONS = YES;
				CLANG_WARN_DIRECT_OBJC_ISA_USAGE = YES_ERROR;
				CLANG_WARN_DOCUMENTATION_COMMENTS = YES;
				CLANG_WARN_EMPTY_BODY = YES;
				CLANG_WARN_ENUM_CONVERSION = YES;
				CLANG_WARN_INFINITE_RECURSION = YES;
				CLANG_WARN_INT_CONVERSION = YES;
				CLANG_WARN_NON_LITERAL_NULL_CONVERSION = YES;
				CLANG_WARN_OBJC_IMPLICIT_RETAIN_SELF = YES;
				CLANG_WARN_OBJC_LITERAL_CONVERSION = YES;
				CLANG_WARN_OBJC_ROOT_CLASS = YES_ERROR;
				CLANG_WARN_QUOTED_INCLUDE_IN_FRAMEWORK_HEADER = YES;
				CLANG_WARN_RANGE_LOOP_ANALYSIS = YES;
				CLANG_WARN_STRICT_PROTOTYPES = YES;
				CLANG_WARN_SUSPICIOUS_MOVE = YES;
				CLANG_WARN_UNGUARDED_AVAILABILITY = YES_AGGRESSIVE;
				CLANG_WARN_UNREACHABLE_CODE = YES;
				CLANG_WARN__DUPLICATE_METHOD_MATCH = YES;
				COPY_PHASE_STRIP = NO;
				DEBUG_INFORMATION_FORMAT = dwarf;
				ENABLE_STRICT_OBJC_MSGSEND = YES;
				ENABLE_TESTABILITY = YES;
				GCC_C_LANGUAGE_STANDARD = gnu11;
				GCC_DYNAMIC_NO_PIC = NO;
				GCC_NO_COMMON_BLOCKS = YES;
				GCC_OPTIMIZATION_LEVEL = 0;
				GCC_PREPROCESSOR_DEFINITIONS = (
					"DEBUG=1",
					"$(inherited)",
				);
				GCC_WARN_64_TO_32_BIT_CONVERSION = YES;
				GCC_WARN_ABOUT_RETURN_TYPE = YES_ERROR;
				GCC_WARN_UNDECLARED_SELECTOR = YES;
				GCC_WARN_UNINITIALIZED_AUTOS = YES_AGGRESSIVE;
				GCC_WARN_UNUSED_FUNCTION = YES;
				GCC_WARN_UNUSED_VARIABLE = YES;
				IPHONEOS_DEPLOYMENT_TARGET = 16.2;
				MTL_ENABLE_DEBUG_INFO = INCLUDE_SOURCE;
				MTL_FAST_MATH = YES;
				ONLY_ACTIVE_ARCH = YES;
				SDKROOT = iphoneos;
				SWIFT_ACTIVE_COMPILATION_CONDITIONS = DEBUG;
				SWIFT_OPTIMIZATION_LEVEL = "-Onone";
			};
			name = Debug;
		};
		BEC157812B781C2200D64FA4 /* Release */ = {
			isa = XCBuildConfiguration;
			buildSettings = {
				ALWAYS_SEARCH_USER_PATHS = NO;
				CLANG_ANALYZER_NONNULL = YES;
				CLANG_ANALYZER_NUMBER_OBJECT_CONVERSION = YES_AGGRESSIVE;
				CLANG_CXX_LANGUAGE_STANDARD = "gnu++20";
				CLANG_ENABLE_MODULES = YES;
				CLANG_ENABLE_OBJC_ARC = YES;
				CLANG_ENABLE_OBJC_WEAK = YES;
				CLANG_WARN_BLOCK_CAPTURE_AUTORELEASING = YES;
				CLANG_WARN_BOOL_CONVERSION = YES;
				CLANG_WARN_COMMA = YES;
				CLANG_WARN_CONSTANT_CONVERSION = YES;
				CLANG_WARN_DEPRECATED_OBJC_IMPLEMENTATIONS = YES;
				CLANG_WARN_DIRECT_OBJC_ISA_USAGE = YES_ERROR;
				CLANG_WARN_DOCUMENTATION_COMMENTS = YES;
				CLANG_WARN_EMPTY_BODY = YES;
				CLANG_WARN_ENUM_CONVERSION = YES;
				CLANG_WARN_INFINITE_RECURSION = YES;
				CLANG_WARN_INT_CONVERSION = YES;
				CLANG_WARN_NON_LITERAL_NULL_CONVERSION = YES;
				CLANG_WARN_OBJC_IMPLICIT_RETAIN_SELF = YES;
				CLANG_WARN_OBJC_LITERAL_CONVERSION = YES;
				CLANG_WARN_OBJC_ROOT_CLASS = YES_ERROR;
				CLANG_WARN_QUOTED_INCLUDE_IN_FRAMEWORK_HEADER = YES;
				CLANG_WARN_RANGE_LOOP_ANALYSIS = YES;
				CLANG_WARN_STRICT_PROTOTYPES = YES;
				CLANG_WARN_SUSPICIOUS_MOVE = YES;
				CLANG_WARN_UNGUARDED_AVAILABILITY = YES_AGGRESSIVE;
				CLANG_WARN_UNREACHABLE_CODE = YES;
				CLANG_WARN__DUPLICATE_METHOD_MATCH = YES;
				COPY_PHASE_STRIP = NO;
				DEBUG_INFORMATION_FORMAT = "dwarf-with-dsym";
				ENABLE_NS_ASSERTIONS = NO;
				ENABLE_STRICT_OBJC_MSGSEND = YES;
				GCC_C_LANGUAGE_STANDARD = gnu11;
				GCC_NO_COMMON_BLOCKS = YES;
				GCC_WARN_64_TO_32_BIT_CONVERSION = YES;
				GCC_WARN_ABOUT_RETURN_TYPE = YES_ERROR;
				GCC_WARN_UNDECLARED_SELECTOR = YES;
				GCC_WARN_UNINITIALIZED_AUTOS = YES_AGGRESSIVE;
				GCC_WARN_UNUSED_FUNCTION = YES;
				GCC_WARN_UNUSED_VARIABLE = YES;
				IPHONEOS_DEPLOYMENT_TARGET = 16.2;
				MTL_ENABLE_DEBUG_INFO = NO;
				MTL_FAST_MATH = YES;
				SDKROOT = iphoneos;
				SWIFT_COMPILATION_MODE = wholemodule;
				SWIFT_OPTIMIZATION_LEVEL = "-O";
				VALIDATE_PRODUCT = YES;
			};
			name = Release;
		};
		BEC157832B781C2200D64FA4 /* Debug */ = {
			isa = XCBuildConfiguration;
			buildSettings = {
				ASSETCATALOG_COMPILER_APPICON_NAME = AppIcon;
				ASSETCATALOG_COMPILER_GLOBAL_ACCENT_COLOR_NAME = AccentColor;
				CODE_SIGN_STYLE = Automatic;
				CURRENT_PROJECT_VERSION = 1;
				GENERATE_INFOPLIST_FILE = YES;
				INFOPLIST_FILE = KidZ/Info.plist;
				INFOPLIST_KEY_UIApplicationSupportsIndirectInputEvents = YES;
				INFOPLIST_KEY_UILaunchStoryboardName = LaunchScreen;
				INFOPLIST_KEY_UIMainStoryboardFile = Main;
				INFOPLIST_KEY_UISupportedInterfaceOrientations_iPad = "UIInterfaceOrientationPortrait UIInterfaceOrientationPortraitUpsideDown UIInterfaceOrientationLandscapeLeft UIInterfaceOrientationLandscapeRight";
				INFOPLIST_KEY_UISupportedInterfaceOrientations_iPhone = "UIInterfaceOrientationPortrait UIInterfaceOrientationLandscapeLeft UIInterfaceOrientationLandscapeRight";
				LD_RUNPATH_SEARCH_PATHS = (
					"$(inherited)",
					"@executable_path/Frameworks",
				);
				MARKETING_VERSION = 1.0;
				PRODUCT_BUNDLE_IDENTIFIER = com.conestoga.KidZ;
				PRODUCT_NAME = "$(TARGET_NAME)";
				SWIFT_EMIT_LOC_STRINGS = YES;
				SWIFT_VERSION = 5.0;
				TARGETED_DEVICE_FAMILY = "1,2";
			};
			name = Debug;
		};
		BEC157842B781C2200D64FA4 /* Release */ = {
			isa = XCBuildConfiguration;
			buildSettings = {
				ASSETCATALOG_COMPILER_APPICON_NAME = AppIcon;
				ASSETCATALOG_COMPILER_GLOBAL_ACCENT_COLOR_NAME = AccentColor;
				CODE_SIGN_STYLE = Automatic;
				CURRENT_PROJECT_VERSION = 1;
				GENERATE_INFOPLIST_FILE = YES;
				INFOPLIST_FILE = KidZ/Info.plist;
				INFOPLIST_KEY_UIApplicationSupportsIndirectInputEvents = YES;
				INFOPLIST_KEY_UILaunchStoryboardName = LaunchScreen;
				INFOPLIST_KEY_UIMainStoryboardFile = Main;
				INFOPLIST_KEY_UISupportedInterfaceOrientations_iPad = "UIInterfaceOrientationPortrait UIInterfaceOrientationPortraitUpsideDown UIInterfaceOrientationLandscapeLeft UIInterfaceOrientationLandscapeRight";
				INFOPLIST_KEY_UISupportedInterfaceOrientations_iPhone = "UIInterfaceOrientationPortrait UIInterfaceOrientationLandscapeLeft UIInterfaceOrientationLandscapeRight";
				LD_RUNPATH_SEARCH_PATHS = (
					"$(inherited)",
					"@executable_path/Frameworks",
				);
				MARKETING_VERSION = 1.0;
				PRODUCT_BUNDLE_IDENTIFIER = com.conestoga.KidZ;
				PRODUCT_NAME = "$(TARGET_NAME)";
				SWIFT_EMIT_LOC_STRINGS = YES;
				SWIFT_VERSION = 5.0;
				TARGETED_DEVICE_FAMILY = "1,2";
			};
			name = Release;
		};
		BEC157862B781C2200D64FA4 /* Debug */ = {
			isa = XCBuildConfiguration;
			buildSettings = {
				ALWAYS_EMBED_SWIFT_STANDARD_LIBRARIES = YES;
				BUNDLE_LOADER = "$(TEST_HOST)";
				CODE_SIGN_STYLE = Automatic;
				CURRENT_PROJECT_VERSION = 1;
				GENERATE_INFOPLIST_FILE = YES;
				IPHONEOS_DEPLOYMENT_TARGET = 16.2;
				MARKETING_VERSION = 1.0;
				PRODUCT_BUNDLE_IDENTIFIER = com.conestoga.KidZTests;
				PRODUCT_NAME = "$(TARGET_NAME)";
				SWIFT_EMIT_LOC_STRINGS = NO;
				SWIFT_VERSION = 5.0;
				TARGETED_DEVICE_FAMILY = "1,2";
				TEST_HOST = "$(BUILT_PRODUCTS_DIR)/KidZ.app/$(BUNDLE_EXECUTABLE_FOLDER_PATH)/KidZ";
			};
			name = Debug;
		};
		BEC157872B781C2200D64FA4 /* Release */ = {
			isa = XCBuildConfiguration;
			buildSettings = {
				ALWAYS_EMBED_SWIFT_STANDARD_LIBRARIES = YES;
				BUNDLE_LOADER = "$(TEST_HOST)";
				CODE_SIGN_STYLE = Automatic;
				CURRENT_PROJECT_VERSION = 1;
				GENERATE_INFOPLIST_FILE = YES;
				IPHONEOS_DEPLOYMENT_TARGET = 16.2;
				MARKETING_VERSION = 1.0;
				PRODUCT_BUNDLE_IDENTIFIER = com.conestoga.KidZTests;
				PRODUCT_NAME = "$(TARGET_NAME)";
				SWIFT_EMIT_LOC_STRINGS = NO;
				SWIFT_VERSION = 5.0;
				TARGETED_DEVICE_FAMILY = "1,2";
				TEST_HOST = "$(BUILT_PRODUCTS_DIR)/KidZ.app/$(BUNDLE_EXECUTABLE_FOLDER_PATH)/KidZ";
			};
			name = Release;
		};
		BEC157892B781C2200D64FA4 /* Debug */ = {
			isa = XCBuildConfiguration;
			buildSettings = {
				ALWAYS_EMBED_SWIFT_STANDARD_LIBRARIES = YES;
				CODE_SIGN_STYLE = Automatic;
				CURRENT_PROJECT_VERSION = 1;
				GENERATE_INFOPLIST_FILE = YES;
				MARKETING_VERSION = 1.0;
				PRODUCT_BUNDLE_IDENTIFIER = com.conestoga.KidZUITests;
				PRODUCT_NAME = "$(TARGET_NAME)";
				SWIFT_EMIT_LOC_STRINGS = NO;
				SWIFT_VERSION = 5.0;
				TARGETED_DEVICE_FAMILY = "1,2";
				TEST_TARGET_NAME = KidZ;
			};
			name = Debug;
		};
		BEC1578A2B781C2200D64FA4 /* Release */ = {
			isa = XCBuildConfiguration;
			buildSettings = {
				ALWAYS_EMBED_SWIFT_STANDARD_LIBRARIES = YES;
				CODE_SIGN_STYLE = Automatic;
				CURRENT_PROJECT_VERSION = 1;
				GENERATE_INFOPLIST_FILE = YES;
				MARKETING_VERSION = 1.0;
				PRODUCT_BUNDLE_IDENTIFIER = com.conestoga.KidZUITests;
				PRODUCT_NAME = "$(TARGET_NAME)";
				SWIFT_EMIT_LOC_STRINGS = NO;
				SWIFT_VERSION = 5.0;
				TARGETED_DEVICE_FAMILY = "1,2";
				TEST_TARGET_NAME = KidZ;
			};
			name = Release;
		};
/* End XCBuildConfiguration section */

/* Begin XCConfigurationList section */
		BEC157532B781C2000D64FA4 /* Build configuration list for PBXProject "KidZ" */ = {
			isa = XCConfigurationList;
			buildConfigurations = (
				BEC157802B781C2200D64FA4 /* Debug */,
				BEC157812B781C2200D64FA4 /* Release */,
			);
			defaultConfigurationIsVisible = 0;
			defaultConfigurationName = Release;
		};
		BEC157822B781C2200D64FA4 /* Build configuration list for PBXNativeTarget "KidZ" */ = {
			isa = XCConfigurationList;
			buildConfigurations = (
				BEC157832B781C2200D64FA4 /* Debug */,
				BEC157842B781C2200D64FA4 /* Release */,
			);
			defaultConfigurationIsVisible = 0;
			defaultConfigurationName = Release;
		};
		BEC157852B781C2200D64FA4 /* Build configuration list for PBXNativeTarget "KidZTests" */ = {
			isa = XCConfigurationList;
			buildConfigurations = (
				BEC157862B781C2200D64FA4 /* Debug */,
				BEC157872B781C2200D64FA4 /* Release */,
			);
			defaultConfigurationIsVisible = 0;
			defaultConfigurationName = Release;
		};
		BEC157882B781C2200D64FA4 /* Build configuration list for PBXNativeTarget "KidZUITests" */ = {
			isa = XCConfigurationList;
			buildConfigurations = (
				BEC157892B781C2200D64FA4 /* Debug */,
				BEC1578A2B781C2200D64FA4 /* Release */,
			);
			defaultConfigurationIsVisible = 0;
			defaultConfigurationName = Release;
		};
/* End XCConfigurationList section */
	};
	rootObject = BEC157502B781C2000D64FA4 /* Project object */;
}
